
Microsoft Visual Studio Solution File, Format Version 12.00
# Visual Studio Version 17
VisualStudioVersion = 17.8.34525.116
MinimumVisualStudioVersion = 10.0.40219.1
Project("{FAE04EC0-301F-11D3-BF4B-00C04F79EFBC}") = "svg-icon", "svg-icon\svg-icon.csproj", "{E635B53C-3691-4027-BCD6-E753C066029C}"
EndProject
Global
	GlobalSection(SolutionConfigurationPlatforms) = preSolution
		Debug|Any CPU = Debug|Any CPU
		Release|Any CPU = Release|Any CPU
	EndGlobalSection
	GlobalSection(ProjectConfigurationPlatforms) = postSolution
		{E635B53C-3691-4027-BCD6-E753C066029C}.Debug|Any CPU.ActiveCfg = Debug|Any CPU
		{E635B53C-3691-4027-BCD6-E753C066029C}.Debug|Any CPU.Build.0 = Debug|Any CPU
		{E635B53C-3691-4027-BCD6-E753C066029C}.Debug|Any CPU.Deploy.0 = Debug|Any CPU
		{E635B53C-3691-4027-BCD6-E753C066029C}.Release|Any CPU.ActiveCfg = Release|Any CPU
		{E635B53C-3691-4027-BCD6-E753C066029C}.Release|Any CPU.Build.0 = Release|Any CPU
		{E635B53C-3691-4027-BCD6-E753C066029C}.Release|Any CPU.Deploy.0 = Release|Any CPU
	EndGlobalSection
	GlobalSection(SolutionProperties) = preSolution
		HideSolutionNode = FALSE
	EndGlobalSection
	GlobalSection(ExtensibilityGlobals) = postSolution
		SolutionGuid = {9815FFCF-4E7F-4964-BFAB-7A21554E9614}
	EndGlobalSection
EndGlobal
